
Microsoft Visual Studio Solution File, Format Version 12.00
# Visual Studio Version 17
VisualStudioVersion = 17.9.34728.123
MinimumVisualStudioVersion = 10.0.40219.1
Project("{FAE04EC0-301F-11D3-BF4B-00C04F79EFBC}") = "Zad1", "Zad1.csproj", "{5948728F-B379-4FB2-81C0-0054E9C867DD}"
EndProject
Global
	GlobalSection(SolutionConfigurationPlatforms) = preSolution
		Debug|Any CPU = Debug|Any CPU
		Release|Any CPU = Release|Any CPU
	EndGlobalSection
	GlobalSection(ProjectConfigurationPlatforms) = postSolution
		{5948728F-B379-4FB2-81C0-0054E9C867DD}.Debug|Any CPU.ActiveCfg = Debug|Any CPU
		{5948728F-B379-4FB2-81C0-0054E9C867DD}.Debug|Any CPU.Build.0 = Debug|Any CPU
		{5948728F-B379-4FB2-81C0-0054E9C867DD}.Release|Any CPU.ActiveCfg = Release|Any CPU
		{5948728F-B379-4FB2-81C0-0054E9C867DD}.Release|Any CPU.Build.0 = Release|Any CPU
	EndGlobalSection
	GlobalSection(SolutionProperties) = preSolution
		HideSolutionNode = FALSE
	EndGlobalSection
	GlobalSection(ExtensibilityGlobals) = postSolution
		SolutionGuid = {44370D13-21B3-4D95-9133-6126F87E5129}
	EndGlobalSection
EndGlobal
