
Microsoft Visual Studio Solution File, Format Version 12.00
# Visual Studio Version 17
VisualStudioVersion = 17.9.34622.214
MinimumVisualStudioVersion = 10.0.40219.1
Project("{9A19103F-16F7-4668-BE54-9A1E7A4F7556}") = "Zad1", "Zad1\Zad1.csproj", "{C4BE81EA-5E0C-479D-B37D-FCBF4D08836D}"
EndProject
Project("{9A19103F-16F7-4668-BE54-9A1E7A4F7556}") = "Zad6", "Zad6\Zad6.csproj", "{BB4C6C89-F004-4691-9427-CF4934874F63}"
EndProject
Project("{FAE04EC0-301F-11D3-BF4B-00C04F79EFBC}") = "Zad2", "Zad2\Zad2.csproj", "{35C2E7A1-C3AC-42D5-BB5A-51ACB713FAE3}"
EndProject
Project("{FAE04EC0-301F-11D3-BF4B-00C04F79EFBC}") = "Zad3", "Zad3\Zad3.csproj", "{0F9EFE12-4467-4591-A5A4-B831323D4D6C}"
EndProject
Project("{FAE04EC0-301F-11D3-BF4B-00C04F79EFBC}") = "Zad4", "Zad4\Zad4.csproj", "{08604861-8C08-4306-8893-C731F7A33718}"
EndProject
Project("{FAE04EC0-301F-11D3-BF4B-00C04F79EFBC}") = "Zad5", "Zad5\Zad5.csproj", "{FE0360DF-ADF7-471C-A0FD-DA6F1086364D}"
EndProject
Global
	GlobalSection(SolutionConfigurationPlatforms) = preSolution
		Debug|Any CPU = Debug|Any CPU
		Release|Any CPU = Release|Any CPU
	EndGlobalSection
	GlobalSection(ProjectConfigurationPlatforms) = postSolution
		{C4BE81EA-5E0C-479D-B37D-FCBF4D08836D}.Debug|Any CPU.ActiveCfg = Debug|Any CPU
		{C4BE81EA-5E0C-479D-B37D-FCBF4D08836D}.Debug|Any CPU.Build.0 = Debug|Any CPU
		{C4BE81EA-5E0C-479D-B37D-FCBF4D08836D}.Release|Any CPU.ActiveCfg = Release|Any CPU
		{C4BE81EA-5E0C-479D-B37D-FCBF4D08836D}.Release|Any CPU.Build.0 = Release|Any CPU
		{BB4C6C89-F004-4691-9427-CF4934874F63}.Debug|Any CPU.ActiveCfg = Debug|Any CPU
		{BB4C6C89-F004-4691-9427-CF4934874F63}.Debug|Any CPU.Build.0 = Debug|Any CPU
		{BB4C6C89-F004-4691-9427-CF4934874F63}.Release|Any CPU.ActiveCfg = Release|Any CPU
		{BB4C6C89-F004-4691-9427-CF4934874F63}.Release|Any CPU.Build.0 = Release|Any CPU
		{35C2E7A1-C3AC-42D5-BB5A-51ACB713FAE3}.Debug|Any CPU.ActiveCfg = Debug|Any CPU
		{35C2E7A1-C3AC-42D5-BB5A-51ACB713FAE3}.Debug|Any CPU.Build.0 = Debug|Any CPU
		{35C2E7A1-C3AC-42D5-BB5A-51ACB713FAE3}.Release|Any CPU.ActiveCfg = Release|Any CPU
		{35C2E7A1-C3AC-42D5-BB5A-51ACB713FAE3}.Release|Any CPU.Build.0 = Release|Any CPU
		{0F9EFE12-4467-4591-A5A4-B831323D4D6C}.Debug|Any CPU.ActiveCfg = Debug|Any CPU
		{0F9EFE12-4467-4591-A5A4-B831323D4D6C}.Debug|Any CPU.Build.0 = Debug|Any CPU
		{0F9EFE12-4467-4591-A5A4-B831323D4D6C}.Release|Any CPU.ActiveCfg = Release|Any CPU
		{0F9EFE12-4467-4591-A5A4-B831323D4D6C}.Release|Any CPU.Build.0 = Release|Any CPU
		{08604861-8C08-4306-8893-C731F7A33718}.Debug|Any CPU.ActiveCfg = Debug|Any CPU
		{08604861-8C08-4306-8893-C731F7A33718}.Debug|Any CPU.Build.0 = Debug|Any CPU
		{08604861-8C08-4306-8893-C731F7A33718}.Release|Any CPU.ActiveCfg = Release|Any CPU
		{08604861-8C08-4306-8893-C731F7A33718}.Release|Any CPU.Build.0 = Release|Any CPU
		{FE0360DF-ADF7-471C-A0FD-DA6F1086364D}.Debug|Any CPU.ActiveCfg = Debug|Any CPU
		{FE0360DF-ADF7-471C-A0FD-DA6F1086364D}.Debug|Any CPU.Build.0 = Debug|Any CPU
		{FE0360DF-ADF7-471C-A0FD-DA6F1086364D}.Release|Any CPU.ActiveCfg = Release|Any CPU
		{FE0360DF-ADF7-471C-A0FD-DA6F1086364D}.Release|Any CPU.Build.0 = Release|Any CPU
	EndGlobalSection
	GlobalSection(SolutionProperties) = preSolution
		HideSolutionNode = FALSE
	EndGlobalSection
	GlobalSection(ExtensibilityGlobals) = postSolution
		SolutionGuid = {79466588-7DA9-4869-BAFF-36F9FB0FFDCD}
	EndGlobalSection
EndGlobal
