
Microsoft Visual Studio Solution File, Format Version 12.00
# Visual Studio Version 17
VisualStudioVersion = 17.0.31912.275
MinimumVisualStudioVersion = 10.0.40219.1
Project("{FAE04EC0-301F-11D3-BF4B-00C04F79EFBC}") = "NetCoreSignalR", "NetCoreSignalR\NetCoreSignalR.csproj", "{4F044115-A4E9-4900-9687-1487B19361C0}"
EndProject
Global
	GlobalSection(SolutionConfigurationPlatforms) = preSolution
		Debug|Any CPU = Debug|Any CPU
		Release|Any CPU = Release|Any CPU
	EndGlobalSection
	GlobalSection(ProjectConfigurationPlatforms) = postSolution
		{4F044115-A4E9-4900-9687-1487B19361C0}.Debug|Any CPU.ActiveCfg = Debug|Any CPU
		{4F044115-A4E9-4900-9687-1487B19361C0}.Debug|Any CPU.Build.0 = Debug|Any CPU
		{4F044115-A4E9-4900-9687-1487B19361C0}.Release|Any CPU.ActiveCfg = Release|Any CPU
		{4F044115-A4E9-4900-9687-1487B19361C0}.Release|Any CPU.Build.0 = Release|Any CPU
	EndGlobalSection
	GlobalSection(SolutionProperties) = preSolution
		HideSolutionNode = FALSE
	EndGlobalSection
	GlobalSection(ExtensibilityGlobals) = postSolution
		SolutionGuid = {23A38277-8067-4450-8B09-EBBEA6388917}
	EndGlobalSection
EndGlobal
