
Microsoft Visual Studio Solution File, Format Version 12.00
# Visual Studio Version 17
VisualStudioVersion = 17.9.34607.119
MinimumVisualStudioVersion = 10.0.40219.1
Project("{9A19103F-16F7-4668-BE54-9A1E7A4F7556}") = "Zad1", "Zad1\Zad1.csproj", "{69B7AC27-ED39-4039-AD8C-DFDBF7AD7C3B}"
EndProject
Project("{9A19103F-16F7-4668-BE54-9A1E7A4F7556}") = "Zad2", "Zad2\Zad2.csproj", "{E9942D2A-1ED8-4809-9CC3-AA497436242F}"
EndProject
Project("{FAE04EC0-301F-11D3-BF4B-00C04F79EFBC}") = "Zad3", "Zad3\Zad3.csproj", "{C3B9ACFF-30A3-476C-A4D9-57273BCC73FD}"
EndProject
Global
	GlobalSection(SolutionConfigurationPlatforms) = preSolution
		Debug|Any CPU = Debug|Any CPU
		Release|Any CPU = Release|Any CPU
	EndGlobalSection
	GlobalSection(ProjectConfigurationPlatforms) = postSolution
		{69B7AC27-ED39-4039-AD8C-DFDBF7AD7C3B}.Debug|Any CPU.ActiveCfg = Debug|Any CPU
		{69B7AC27-ED39-4039-AD8C-DFDBF7AD7C3B}.Debug|Any CPU.Build.0 = Debug|Any CPU
		{69B7AC27-ED39-4039-AD8C-DFDBF7AD7C3B}.Release|Any CPU.ActiveCfg = Release|Any CPU
		{69B7AC27-ED39-4039-AD8C-DFDBF7AD7C3B}.Release|Any CPU.Build.0 = Release|Any CPU
		{E9942D2A-1ED8-4809-9CC3-AA497436242F}.Debug|Any CPU.ActiveCfg = Debug|Any CPU
		{E9942D2A-1ED8-4809-9CC3-AA497436242F}.Debug|Any CPU.Build.0 = Debug|Any CPU
		{E9942D2A-1ED8-4809-9CC3-AA497436242F}.Release|Any CPU.ActiveCfg = Release|Any CPU
		{E9942D2A-1ED8-4809-9CC3-AA497436242F}.Release|Any CPU.Build.0 = Release|Any CPU
		{C3B9ACFF-30A3-476C-A4D9-57273BCC73FD}.Debug|Any CPU.ActiveCfg = Debug|Any CPU
		{C3B9ACFF-30A3-476C-A4D9-57273BCC73FD}.Debug|Any CPU.Build.0 = Debug|Any CPU
		{C3B9ACFF-30A3-476C-A4D9-57273BCC73FD}.Release|Any CPU.ActiveCfg = Release|Any CPU
		{C3B9ACFF-30A3-476C-A4D9-57273BCC73FD}.Release|Any CPU.Build.0 = Release|Any CPU
	EndGlobalSection
	GlobalSection(SolutionProperties) = preSolution
		HideSolutionNode = FALSE
	EndGlobalSection
	GlobalSection(ExtensibilityGlobals) = postSolution
		SolutionGuid = {2FF4F21A-882C-466A-B3AE-C38C1F57479E}
	EndGlobalSection
EndGlobal
