
Microsoft Visual Studio Solution File, Format Version 12.00
# Visual Studio Version 17
VisualStudioVersion = 17.5.33516.290
MinimumVisualStudioVersion = 10.0.40219.1
Project("{FAE04EC0-301F-11D3-BF4B-00C04F79EFBC}") = "Hexagonal.Example", "Hexagonal.Example\Hexagonal.Example.csproj", "{013FCB6B-EE14-4548-894D-E07F859283B3}"
EndProject
Project("{FAE04EC0-301F-11D3-BF4B-00C04F79EFBC}") = "Model", "Model\Model.csproj", "{F9D6A39C-F023-4F71-84FC-AF816026DB73}"
EndProject
Project("{FAE04EC0-301F-11D3-BF4B-00C04F79EFBC}") = "Domain", "Domain\Domain.csproj", "{679E07A0-3A1A-4812-8EDC-1E620E6310A3}"
EndProject
Project("{FAE04EC0-301F-11D3-BF4B-00C04F79EFBC}") = "Application", "Application\Application.csproj", "{55B6FFC6-CFCD-427B-A298-AECC0F385DC9}"
EndProject
Global
	GlobalSection(SolutionConfigurationPlatforms) = preSolution
		Debug|Any CPU = Debug|Any CPU
		Release|Any CPU = Release|Any CPU
	EndGlobalSection
	GlobalSection(ProjectConfigurationPlatforms) = postSolution
		{013FCB6B-EE14-4548-894D-E07F859283B3}.Debug|Any CPU.ActiveCfg = Debug|Any CPU
		{013FCB6B-EE14-4548-894D-E07F859283B3}.Debug|Any CPU.Build.0 = Debug|Any CPU
		{013FCB6B-EE14-4548-894D-E07F859283B3}.Release|Any CPU.ActiveCfg = Release|Any CPU
		{013FCB6B-EE14-4548-894D-E07F859283B3}.Release|Any CPU.Build.0 = Release|Any CPU
		{F9D6A39C-F023-4F71-84FC-AF816026DB73}.Debug|Any CPU.ActiveCfg = Debug|Any CPU
		{F9D6A39C-F023-4F71-84FC-AF816026DB73}.Debug|Any CPU.Build.0 = Debug|Any CPU
		{F9D6A39C-F023-4F71-84FC-AF816026DB73}.Release|Any CPU.ActiveCfg = Release|Any CPU
		{F9D6A39C-F023-4F71-84FC-AF816026DB73}.Release|Any CPU.Build.0 = Release|Any CPU
		{679E07A0-3A1A-4812-8EDC-1E620E6310A3}.Debug|Any CPU.ActiveCfg = Debug|Any CPU
		{679E07A0-3A1A-4812-8EDC-1E620E6310A3}.Debug|Any CPU.Build.0 = Debug|Any CPU
		{679E07A0-3A1A-4812-8EDC-1E620E6310A3}.Release|Any CPU.ActiveCfg = Release|Any CPU
		{679E07A0-3A1A-4812-8EDC-1E620E6310A3}.Release|Any CPU.Build.0 = Release|Any CPU
		{55B6FFC6-CFCD-427B-A298-AECC0F385DC9}.Debug|Any CPU.ActiveCfg = Debug|Any CPU
		{55B6FFC6-CFCD-427B-A298-AECC0F385DC9}.Debug|Any CPU.Build.0 = Debug|Any CPU
		{55B6FFC6-CFCD-427B-A298-AECC0F385DC9}.Release|Any CPU.ActiveCfg = Release|Any CPU
		{55B6FFC6-CFCD-427B-A298-AECC0F385DC9}.Release|Any CPU.Build.0 = Release|Any CPU
	EndGlobalSection
	GlobalSection(SolutionProperties) = preSolution
		HideSolutionNode = FALSE
	EndGlobalSection
	GlobalSection(ExtensibilityGlobals) = postSolution
		SolutionGuid = {650F2DA7-7C2A-4B8F-9B03-D0DC49129999}
	EndGlobalSection
EndGlobal
