
Microsoft Visual Studio Solution File, Format Version 12.00
# Visual Studio Version 17
VisualStudioVersion = 17.12.35514.174
MinimumVisualStudioVersion = 10.0.40219.1
Project("{FAE04EC0-301F-11D3-BF4B-00C04F79EFBC}") = "Zad1", "Zad1\Zad1.csproj", "{8D641E3B-78C2-4801-A596-5A0404D04415}"
EndProject
Project("{FAE04EC0-301F-11D3-BF4B-00C04F79EFBC}") = "LoginPass", "LoginPass\LoginPass.csproj", "{99996DFC-28F7-4364-A400-CC1209F1C033}"
EndProject
Global
	GlobalSection(SolutionConfigurationPlatforms) = preSolution
		Debug|Any CPU = Debug|Any CPU
		Release|Any CPU = Release|Any CPU
	EndGlobalSection
	GlobalSection(ProjectConfigurationPlatforms) = postSolution
		{8D641E3B-78C2-4801-A596-5A0404D04415}.Debug|Any CPU.ActiveCfg = Debug|Any CPU
		{8D641E3B-78C2-4801-A596-5A0404D04415}.Debug|Any CPU.Build.0 = Debug|Any CPU
		{8D641E3B-78C2-4801-A596-5A0404D04415}.Release|Any CPU.ActiveCfg = Release|Any CPU
		{8D641E3B-78C2-4801-A596-5A0404D04415}.Release|Any CPU.Build.0 = Release|Any CPU
		{99996DFC-28F7-4364-A400-CC1209F1C033}.Debug|Any CPU.ActiveCfg = Debug|Any CPU
		{99996DFC-28F7-4364-A400-CC1209F1C033}.Debug|Any CPU.Build.0 = Debug|Any CPU
		{99996DFC-28F7-4364-A400-CC1209F1C033}.Release|Any CPU.ActiveCfg = Release|Any CPU
		{99996DFC-28F7-4364-A400-CC1209F1C033}.Release|Any CPU.Build.0 = Release|Any CPU
	EndGlobalSection
	GlobalSection(SolutionProperties) = preSolution
		HideSolutionNode = FALSE
	EndGlobalSection
EndGlobal
